
Microsoft Visual Studio Solution File, Format Version 12.00
# Visual Studio 15
VisualStudioVersion = 15.0.28307.902
MinimumVisualStudioVersion = 10.0.40219.1
Project("{9092AA53-FB77-4645-B42D-1CCCA6BD08BD}") = "js.mvc", "js.mvc\js.mvc.njsproj", "{F3EBEE79-F4DA-48D1-90BC-8A352D4B3200}"
EndProject
Project("{9092AA53-FB77-4645-B42D-1CCCA6BD08BD}") = "js.mvc.exampleWebApp", "js.mvc.exampleWebApp\js.mvc.exampleWebApp.njsproj", "{84CEBC5C-3146-40C8-84E3-DFB67BD63D51}"
EndProject
Project("{2150E333-8FDC-42A3-9474-1A3956D46DE8}") = "Solution Items", "Solution Items", "{8806393A-1323-4511-80BD-2CB6B69E770E}"
	ProjectSection(SolutionItems) = preProject
		.gitattributes = .gitattributes
		.gitignore = .gitignore
		LICENSE = LICENSE
		notes.js = notes.js
		README.md = README.md
	EndProjectSection
EndProject
Project("{9092AA53-FB77-4645-B42D-1CCCA6BD08BD}") = "js.mvc.dom", "js.mvc.dom\js.mvc.dom.njsproj", "{802C5A60-B759-4E33-8078-BB8EA05900E3}"
EndProject
Global
	GlobalSection(SolutionConfigurationPlatforms) = preSolution
		Debug|Any CPU = Debug|Any CPU
		Release|Any CPU = Release|Any CPU
	EndGlobalSection
	GlobalSection(ProjectConfigurationPlatforms) = postSolution
		{F3EBEE79-F4DA-48D1-90BC-8A352D4B3200}.Debug|Any CPU.ActiveCfg = Debug|Any CPU
		{F3EBEE79-F4DA-48D1-90BC-8A352D4B3200}.Debug|Any CPU.Build.0 = Debug|Any CPU
		{F3EBEE79-F4DA-48D1-90BC-8A352D4B3200}.Release|Any CPU.ActiveCfg = Release|Any CPU
		{F3EBEE79-F4DA-48D1-90BC-8A352D4B3200}.Release|Any CPU.Build.0 = Release|Any CPU
		{84CEBC5C-3146-40C8-84E3-DFB67BD63D51}.Debug|Any CPU.ActiveCfg = Debug|Any CPU
		{84CEBC5C-3146-40C8-84E3-DFB67BD63D51}.Debug|Any CPU.Build.0 = Debug|Any CPU
		{84CEBC5C-3146-40C8-84E3-DFB67BD63D51}.Release|Any CPU.ActiveCfg = Release|Any CPU
		{84CEBC5C-3146-40C8-84E3-DFB67BD63D51}.Release|Any CPU.Build.0 = Release|Any CPU
		{802C5A60-B759-4E33-8078-BB8EA05900E3}.Debug|Any CPU.ActiveCfg = Debug|Any CPU
		{802C5A60-B759-4E33-8078-BB8EA05900E3}.Debug|Any CPU.Build.0 = Debug|Any CPU
		{802C5A60-B759-4E33-8078-BB8EA05900E3}.Release|Any CPU.ActiveCfg = Release|Any CPU
		{802C5A60-B759-4E33-8078-BB8EA05900E3}.Release|Any CPU.Build.0 = Release|Any CPU
	EndGlobalSection
	GlobalSection(SolutionProperties) = preSolution
		HideSolutionNode = FALSE
	EndGlobalSection
	GlobalSection(ExtensibilityGlobals) = postSolution
		SolutionGuid = {63762BF8-4933-4550-BA8E-0991D62432B9}
	EndGlobalSection
EndGlobal
