{
  "name": "js.web.components",
  "version": "0.0.0",
  "lockfileVersion": 1,
  "requires": true,
  "dependencies": {
    "js.system.collections": {
      "version": "1.3.0",
      "resolved": "https://registry.npmjs.org/js.system.collections/-/js.system.collections-1.3.0.tgz",
      "integrity": "sha512-4kqIHCfL0wK9KVjyVoelhG0u4ZgISUndML9enaAsIhrsOk1RxhKk+1ekAVv6WWu+LUhjYvz9TwUl4lK4GmwbmA=="
    }
  }
}
